
Microsoft Visual Studio Solution File, Format Version 12.00
# Visual Studio Version 17
VisualStudioVersion = 17.4.33213.308
MinimumVisualStudioVersion = 10.0.40219.1
Project("{FAE04EC0-301F-11D3-BF4B-00C04F79EFBC}") = "Lab04.Android", "Lab04\Lab04.Android\Lab04.Android.csproj", "{8DA90B46-4A25-4E8D-8581-2F66157F0B69}"
EndProject
Project("{FAE04EC0-301F-11D3-BF4B-00C04F79EFBC}") = "Lab04.iOS", "Lab04\Lab04.iOS\Lab04.iOS.csproj", "{CCF3020F-B409-4A6F-9D4F-F5E48D72845D}"
EndProject
Project("{FAE04EC0-301F-11D3-BF4B-00C04F79EFBC}") = "Lab04", "Lab04\Lab04\Lab04.csproj", "{21250537-1B1B-4C40-8551-79990C6DE532}"
EndProject
Global
	GlobalSection(SolutionConfigurationPlatforms) = preSolution
		Debug|Any CPU = Debug|Any CPU
		Debug|iPhone = Debug|iPhone
		Debug|iPhoneSimulator = Debug|iPhoneSimulator
		Release|Any CPU = Release|Any CPU
		Release|iPhone = Release|iPhone
		Release|iPhoneSimulator = Release|iPhoneSimulator
	EndGlobalSection
	GlobalSection(ProjectConfigurationPlatforms) = postSolution
		{8DA90B46-4A25-4E8D-8581-2F66157F0B69}.Debug|Any CPU.ActiveCfg = Debug|Any CPU
		{8DA90B46-4A25-4E8D-8581-2F66157F0B69}.Debug|Any CPU.Build.0 = Debug|Any CPU
		{8DA90B46-4A25-4E8D-8581-2F66157F0B69}.Debug|Any CPU.Deploy.0 = Debug|Any CPU
		{8DA90B46-4A25-4E8D-8581-2F66157F0B69}.Debug|iPhone.ActiveCfg = Debug|Any CPU
		{8DA90B46-4A25-4E8D-8581-2F66157F0B69}.Debug|iPhone.Build.0 = Debug|Any CPU
		{8DA90B46-4A25-4E8D-8581-2F66157F0B69}.Debug|iPhone.Deploy.0 = Debug|Any CPU
		{8DA90B46-4A25-4E8D-8581-2F66157F0B69}.Debug|iPhoneSimulator.ActiveCfg = Debug|Any CPU
		{8DA90B46-4A25-4E8D-8581-2F66157F0B69}.Debug|iPhoneSimulator.Build.0 = Debug|Any CPU
		{8DA90B46-4A25-4E8D-8581-2F66157F0B69}.Debug|iPhoneSimulator.Deploy.0 = Debug|Any CPU
		{8DA90B46-4A25-4E8D-8581-2F66157F0B69}.Release|Any CPU.ActiveCfg = Release|Any CPU
		{8DA90B46-4A25-4E8D-8581-2F66157F0B69}.Release|Any CPU.Build.0 = Release|Any CPU
		{8DA90B46-4A25-4E8D-8581-2F66157F0B69}.Release|Any CPU.Deploy.0 = Release|Any CPU
		{8DA90B46-4A25-4E8D-8581-2F66157F0B69}.Release|iPhone.ActiveCfg = Release|Any CPU
		{8DA90B46-4A25-4E8D-8581-2F66157F0B69}.Release|iPhone.Build.0 = Release|Any CPU
		{8DA90B46-4A25-4E8D-8581-2F66157F0B69}.Release|iPhone.Deploy.0 = Release|Any CPU
		{8DA90B46-4A25-4E8D-8581-2F66157F0B69}.Release|iPhoneSimulator.ActiveCfg = Release|Any CPU
		{8DA90B46-4A25-4E8D-8581-2F66157F0B69}.Release|iPhoneSimulator.Build.0 = Release|Any CPU
		{8DA90B46-4A25-4E8D-8581-2F66157F0B69}.Release|iPhoneSimulator.Deploy.0 = Release|Any CPU
		{CCF3020F-B409-4A6F-9D4F-F5E48D72845D}.Debug|Any CPU.ActiveCfg = Debug|iPhone
		{CCF3020F-B409-4A6F-9D4F-F5E48D72845D}.Debug|Any CPU.Build.0 = Debug|iPhone
		{CCF3020F-B409-4A6F-9D4F-F5E48D72845D}.Debug|Any CPU.Deploy.0 = Debug|iPhone
		{CCF3020F-B409-4A6F-9D4F-F5E48D72845D}.Debug|iPhone.ActiveCfg = Debug|iPhone
		{CCF3020F-B409-4A6F-9D4F-F5E48D72845D}.Debug|iPhone.Build.0 = Debug|iPhone
		{CCF3020F-B409-4A6F-9D4F-F5E48D72845D}.Debug|iPhone.Deploy.0 = Debug|iPhone
		{CCF3020F-B409-4A6F-9D4F-F5E48D72845D}.Debug|iPhoneSimulator.ActiveCfg = Debug|iPhoneSimulator
		{CCF3020F-B409-4A6F-9D4F-F5E48D72845D}.Debug|iPhoneSimulator.Build.0 = Debug|iPhoneSimulator
		{CCF3020F-B409-4A6F-9D4F-F5E48D72845D}.Debug|iPhoneSimulator.Deploy.0 = Debug|iPhoneSimulator
		{CCF3020F-B409-4A6F-9D4F-F5E48D72845D}.Release|Any CPU.ActiveCfg = Release|iPhoneSimulator
		{CCF3020F-B409-4A6F-9D4F-F5E48D72845D}.Release|Any CPU.Build.0 = Release|iPhoneSimulator
		{CCF3020F-B409-4A6F-9D4F-F5E48D72845D}.Release|Any CPU.Deploy.0 = Release|iPhoneSimulator
		{CCF3020F-B409-4A6F-9D4F-F5E48D72845D}.Release|iPhone.ActiveCfg = Release|iPhone
		{CCF3020F-B409-4A6F-9D4F-F5E48D72845D}.Release|iPhone.Build.0 = Release|iPhone
		{CCF3020F-B409-4A6F-9D4F-F5E48D72845D}.Release|iPhone.Deploy.0 = Release|iPhone
		{CCF3020F-B409-4A6F-9D4F-F5E48D72845D}.Release|iPhoneSimulator.ActiveCfg = Release|iPhoneSimulator
		{CCF3020F-B409-4A6F-9D4F-F5E48D72845D}.Release|iPhoneSimulator.Build.0 = Release|iPhoneSimulator
		{CCF3020F-B409-4A6F-9D4F-F5E48D72845D}.Release|iPhoneSimulator.Deploy.0 = Release|iPhoneSimulator
		{21250537-1B1B-4C40-8551-79990C6DE532}.Debug|Any CPU.ActiveCfg = Debug|Any CPU
		{21250537-1B1B-4C40-8551-79990C6DE532}.Debug|Any CPU.Build.0 = Debug|Any CPU
		{21250537-1B1B-4C40-8551-79990C6DE532}.Debug|Any CPU.Deploy.0 = Debug|Any CPU
		{21250537-1B1B-4C40-8551-79990C6DE532}.Debug|iPhone.ActiveCfg = Debug|Any CPU
		{21250537-1B1B-4C40-8551-79990C6DE532}.Debug|iPhone.Build.0 = Debug|Any CPU
		{21250537-1B1B-4C40-8551-79990C6DE532}.Debug|iPhone.Deploy.0 = Debug|Any CPU
		{21250537-1B1B-4C40-8551-79990C6DE532}.Debug|iPhoneSimulator.ActiveCfg = Debug|Any CPU
		{21250537-1B1B-4C40-8551-79990C6DE532}.Debug|iPhoneSimulator.Build.0 = Debug|Any CPU
		{21250537-1B1B-4C40-8551-79990C6DE532}.Debug|iPhoneSimulator.Deploy.0 = Debug|Any CPU
		{21250537-1B1B-4C40-8551-79990C6DE532}.Release|Any CPU.ActiveCfg = Release|Any CPU
		{21250537-1B1B-4C40-8551-79990C6DE532}.Release|Any CPU.Build.0 = Release|Any CPU
		{21250537-1B1B-4C40-8551-79990C6DE532}.Release|Any CPU.Deploy.0 = Release|Any CPU
		{21250537-1B1B-4C40-8551-79990C6DE532}.Release|iPhone.ActiveCfg = Release|Any CPU
		{21250537-1B1B-4C40-8551-79990C6DE532}.Release|iPhone.Build.0 = Release|Any CPU
		{21250537-1B1B-4C40-8551-79990C6DE532}.Release|iPhone.Deploy.0 = Release|Any CPU
		{21250537-1B1B-4C40-8551-79990C6DE532}.Release|iPhoneSimulator.ActiveCfg = Release|Any CPU
		{21250537-1B1B-4C40-8551-79990C6DE532}.Release|iPhoneSimulator.Build.0 = Release|Any CPU
		{21250537-1B1B-4C40-8551-79990C6DE532}.Release|iPhoneSimulator.Deploy.0 = Release|Any CPU
	EndGlobalSection
	GlobalSection(SolutionProperties) = preSolution
		HideSolutionNode = FALSE
	EndGlobalSection
	GlobalSection(ExtensibilityGlobals) = postSolution
		SolutionGuid = {619E4D54-608A-4062-98A8-669371842C63}
	EndGlobalSection
EndGlobal
